
Microsoft Visual Studio Solution File, Format Version 12.00
# Visual Studio Version 17
VisualStudioVersion = 17.7.33920.267
MinimumVisualStudioVersion = 10.0.40219.1
Project("{FAE04EC0-301F-11D3-BF4B-00C04F79EFBC}") = "PowerAppGenerator", "PowerAppGenerator.csproj", "{7B19BCC5-2D74-4584-972F-23A5A4D4F0D1}"
EndProject
Global
	GlobalSection(SolutionConfigurationPlatforms) = preSolution
		Debug|Any CPU = Debug|Any CPU
		Release|Any CPU = Release|Any CPU
	EndGlobalSection
	GlobalSection(ProjectConfigurationPlatforms) = postSolution
		{7B19BCC5-2D74-4584-972F-23A5A4D4F0D1}.Debug|Any CPU.ActiveCfg = Debug|Any CPU
		{7B19BCC5-2D74-4584-972F-23A5A4D4F0D1}.Debug|Any CPU.Build.0 = Debug|Any CPU
		{7B19BCC5-2D74-4584-972F-23A5A4D4F0D1}.Debug|Any CPU.Deploy.0 = Debug|Any CPU
		{7B19BCC5-2D74-4584-972F-23A5A4D4F0D1}.Release|Any CPU.ActiveCfg = Release|Any CPU
		{7B19BCC5-2D74-4584-972F-23A5A4D4F0D1}.Release|Any CPU.Build.0 = Release|Any CPU
		{7B19BCC5-2D74-4584-972F-23A5A4D4F0D1}.Release|Any CPU.Deploy.0 = Release|Any CPU
	EndGlobalSection
	GlobalSection(SolutionProperties) = preSolution
		HideSolutionNode = FALSE
	EndGlobalSection
	GlobalSection(ExtensibilityGlobals) = postSolution
		SolutionGuid = {8917C98D-A489-4EF6-814B-49E16D7D8DEB}
	EndGlobalSection
EndGlobal
